
Microsoft Visual Studio Solution File, Format Version 12.00
# Visual Studio Version 17
VisualStudioVersion = 17.11.35312.102
MinimumVisualStudioVersion = 10.0.40219.1
Project("{FAE04EC0-301F-11D3-BF4B-00C04F79EFBC}") = "Burguer Manager", "Burguer Manager.csproj", "{0BE549F1-C34D-43EF-97E2-4B167D85C55F}"
EndProject
Global
	GlobalSection(SolutionConfigurationPlatforms) = preSolution
		Debug|Any CPU = Debug|Any CPU
		Release|Any CPU = Release|Any CPU
	EndGlobalSection
	GlobalSection(ProjectConfigurationPlatforms) = postSolution
		{0BE549F1-C34D-43EF-97E2-4B167D85C55F}.Debug|Any CPU.ActiveCfg = Debug|Any CPU
		{0BE549F1-C34D-43EF-97E2-4B167D85C55F}.Debug|Any CPU.Build.0 = Debug|Any CPU
		{0BE549F1-C34D-43EF-97E2-4B167D85C55F}.Debug|Any CPU.Deploy.0 = Debug|Any CPU
		{0BE549F1-C34D-43EF-97E2-4B167D85C55F}.Release|Any CPU.ActiveCfg = Release|Any CPU
		{0BE549F1-C34D-43EF-97E2-4B167D85C55F}.Release|Any CPU.Build.0 = Release|Any CPU
		{0BE549F1-C34D-43EF-97E2-4B167D85C55F}.Release|Any CPU.Deploy.0 = Release|Any CPU
	EndGlobalSection
	GlobalSection(SolutionProperties) = preSolution
		HideSolutionNode = FALSE
	EndGlobalSection
	GlobalSection(ExtensibilityGlobals) = postSolution
		SolutionGuid = {539BF521-C99A-457E-8E1D-DB96F27D124D}
	EndGlobalSection
EndGlobal
